
Microsoft Visual Studio Solution File, Format Version 12.00
# Visual Studio Version 17
VisualStudioVersion = 17.3.32929.385
MinimumVisualStudioVersion = 10.0.40219.1
Project("{FAE04EC0-301F-11D3-BF4B-00C04F79EFBC}") = "AddressBook236", "AddressBook236.csproj", "{29EE6C77-3FCC-4C50-B47C-E8D5C131A136}"
EndProject
Global
	GlobalSection(SolutionConfigurationPlatforms) = preSolution
		Debug|Any CPU = Debug|Any CPU
		Release|Any CPU = Release|Any CPU
	EndGlobalSection
	GlobalSection(ProjectConfigurationPlatforms) = postSolution
		{29EE6C77-3FCC-4C50-B47C-E8D5C131A136}.Debug|Any CPU.ActiveCfg = Debug|Any CPU
		{29EE6C77-3FCC-4C50-B47C-E8D5C131A136}.Debug|Any CPU.Build.0 = Debug|Any CPU
		{29EE6C77-3FCC-4C50-B47C-E8D5C131A136}.Release|Any CPU.ActiveCfg = Release|Any CPU
		{29EE6C77-3FCC-4C50-B47C-E8D5C131A136}.Release|Any CPU.Build.0 = Release|Any CPU
	EndGlobalSection
	GlobalSection(SolutionProperties) = preSolution
		HideSolutionNode = FALSE
	EndGlobalSection
	GlobalSection(ExtensibilityGlobals) = postSolution
		SolutionGuid = {37985B9D-FB8B-4CBC-9F98-F8BB9993246C}
	EndGlobalSection
EndGlobal
